
Microsoft Visual Studio Solution File, Format Version 12.00
# Visual Studio 15
VisualStudioVersion = 15.0.28307.421
MinimumVisualStudioVersion = 10.0.40219.1
Project("{FAE04EC0-301F-11D3-BF4B-00C04F79EFBC}") = "Adventure", "Adventure\Adventure.csproj", "{DBC3056D-E3F5-463C-B844-5DF4017B72D5}"
EndProject
Project("{FAE04EC0-301F-11D3-BF4B-00C04F79EFBC}") = "Engine", "Engine\Engine.csproj", "{68F60E64-238D-46F7-AA9A-8679D1C7E1F2}"
EndProject
Global
	GlobalSection(SolutionConfigurationPlatforms) = preSolution
		Debug|Any CPU = Debug|Any CPU
		Release|Any CPU = Release|Any CPU
	EndGlobalSection
	GlobalSection(ProjectConfigurationPlatforms) = postSolution
		{DBC3056D-E3F5-463C-B844-5DF4017B72D5}.Debug|Any CPU.ActiveCfg = Debug|Any CPU
		{DBC3056D-E3F5-463C-B844-5DF4017B72D5}.Debug|Any CPU.Build.0 = Debug|Any CPU
		{DBC3056D-E3F5-463C-B844-5DF4017B72D5}.Release|Any CPU.ActiveCfg = Release|Any CPU
		{DBC3056D-E3F5-463C-B844-5DF4017B72D5}.Release|Any CPU.Build.0 = Release|Any CPU
		{68F60E64-238D-46F7-AA9A-8679D1C7E1F2}.Debug|Any CPU.ActiveCfg = Debug|Any CPU
		{68F60E64-238D-46F7-AA9A-8679D1C7E1F2}.Debug|Any CPU.Build.0 = Debug|Any CPU
		{68F60E64-238D-46F7-AA9A-8679D1C7E1F2}.Release|Any CPU.ActiveCfg = Release|Any CPU
		{68F60E64-238D-46F7-AA9A-8679D1C7E1F2}.Release|Any CPU.Build.0 = Release|Any CPU
	EndGlobalSection
	GlobalSection(SolutionProperties) = preSolution
		HideSolutionNode = FALSE
	EndGlobalSection
	GlobalSection(ExtensibilityGlobals) = postSolution
		SolutionGuid = {C53FBE33-22E8-4B1D-9F8A-EAD271B8E9D5}
	EndGlobalSection
EndGlobal
